
Microsoft Visual Studio Solution File, Format Version 12.00
# Visual Studio Version 16
VisualStudioVersion = 16.0.30804.86
MinimumVisualStudioVersion = 10.0.40219.1
Project("{FAE04EC0-301F-11D3-BF4B-00C04F79EFBC}") = "TestHilos", "TestHilos.csproj", "{9D2A94B3-0221-4ABD-B466-87A722370802}"
EndProject
Global
	GlobalSection(SolutionConfigurationPlatforms) = preSolution
		Debug|Any CPU = Debug|Any CPU
		Release|Any CPU = Release|Any CPU
	EndGlobalSection
	GlobalSection(ProjectConfigurationPlatforms) = postSolution
		{9D2A94B3-0221-4ABD-B466-87A722370802}.Debug|Any CPU.ActiveCfg = Debug|Any CPU
		{9D2A94B3-0221-4ABD-B466-87A722370802}.Debug|Any CPU.Build.0 = Debug|Any CPU
		{9D2A94B3-0221-4ABD-B466-87A722370802}.Release|Any CPU.ActiveCfg = Release|Any CPU
		{9D2A94B3-0221-4ABD-B466-87A722370802}.Release|Any CPU.Build.0 = Release|Any CPU
	EndGlobalSection
	GlobalSection(SolutionProperties) = preSolution
		HideSolutionNode = FALSE
	EndGlobalSection
	GlobalSection(ExtensibilityGlobals) = postSolution
		SolutionGuid = {3A0EC963-44B7-4D42-B8A7-01DE2CE6AC8A}
	EndGlobalSection
EndGlobal
